
Microsoft Visual Studio Solution File, Format Version 12.00
# Visual Studio Version 16
VisualStudioVersion = 25.0.1706.12
MinimumVisualStudioVersion = 10.0.40219.1
Project("{FAE04EC0-301F-11D3-BF4B-00C04F79EFBC}") = "EXERC03-AT", "EXERC03-AT\EXERC03-AT.csproj", "{BBCBF41D-CBAE-4633-A820-DDBCFCBAE66F}"
EndProject
Global
	GlobalSection(SolutionConfigurationPlatforms) = preSolution
		Debug|Any CPU = Debug|Any CPU
		Release|Any CPU = Release|Any CPU
	EndGlobalSection
	GlobalSection(ProjectConfigurationPlatforms) = postSolution
		{BBCBF41D-CBAE-4633-A820-DDBCFCBAE66F}.Debug|Any CPU.ActiveCfg = Debug|Any CPU
		{BBCBF41D-CBAE-4633-A820-DDBCFCBAE66F}.Debug|Any CPU.Build.0 = Debug|Any CPU
		{BBCBF41D-CBAE-4633-A820-DDBCFCBAE66F}.Release|Any CPU.ActiveCfg = Release|Any CPU
		{BBCBF41D-CBAE-4633-A820-DDBCFCBAE66F}.Release|Any CPU.Build.0 = Release|Any CPU
	EndGlobalSection
	GlobalSection(SolutionProperties) = preSolution
		HideSolutionNode = FALSE
	EndGlobalSection
	GlobalSection(ExtensibilityGlobals) = postSolution
		SolutionGuid = {F3A67D9E-DDFB-4D54-9248-BF2E0F5F6FAF}
	EndGlobalSection
EndGlobal
